
Microsoft Visual Studio Solution File, Format Version 12.00
# Visual Studio Version 17
VisualStudioVersion = 17.10.35027.167
MinimumVisualStudioVersion = 10.0.40219.1
Project("{FAE04EC0-301F-11D3-BF4B-00C04F79EFBC}") = "MarcheEtDeviens", "MarcheEtDeviens\MarcheEtDeviens.csproj", "{BE13B892-7153-40CD-90C5-F9E8CCDA1A15}"
EndProject
Global
	GlobalSection(SolutionConfigurationPlatforms) = preSolution
		Debug|Any CPU = Debug|Any CPU
		Release|Any CPU = Release|Any CPU
	EndGlobalSection
	GlobalSection(ProjectConfigurationPlatforms) = postSolution
		{BE13B892-7153-40CD-90C5-F9E8CCDA1A15}.Debug|Any CPU.ActiveCfg = Debug|Any CPU
		{BE13B892-7153-40CD-90C5-F9E8CCDA1A15}.Debug|Any CPU.Build.0 = Debug|Any CPU
		{BE13B892-7153-40CD-90C5-F9E8CCDA1A15}.Release|Any CPU.ActiveCfg = Release|Any CPU
		{BE13B892-7153-40CD-90C5-F9E8CCDA1A15}.Release|Any CPU.Build.0 = Release|Any CPU
	EndGlobalSection
	GlobalSection(SolutionProperties) = preSolution
		HideSolutionNode = FALSE
	EndGlobalSection
	GlobalSection(ExtensibilityGlobals) = postSolution
		SolutionGuid = {B3FA00A0-C326-4106-BA8A-63E88FB8AB78}
	EndGlobalSection
EndGlobal
