
Microsoft Visual Studio Solution File, Format Version 12.00
# Visual Studio Version 17
VisualStudioVersion = 17.10.35027.167
MinimumVisualStudioVersion = 10.0.40219.1
Project("{54A90642-561A-4BB1-A94E-469ADEE60C69}") = "FrontMarcheEtDevenir", "FrontMarcheEtDevenir.esproj", "{45A2CB08-F9C7-4CB4-86C2-FE6E4F57B094}"
EndProject
Global
	GlobalSection(SolutionConfigurationPlatforms) = preSolution
		Debug|Any CPU = Debug|Any CPU
		Release|Any CPU = Release|Any CPU
	EndGlobalSection
	GlobalSection(ProjectConfigurationPlatforms) = postSolution
		{45A2CB08-F9C7-4CB4-86C2-FE6E4F57B094}.Debug|Any CPU.ActiveCfg = Debug|Any CPU
		{45A2CB08-F9C7-4CB4-86C2-FE6E4F57B094}.Debug|Any CPU.Build.0 = Debug|Any CPU
		{45A2CB08-F9C7-4CB4-86C2-FE6E4F57B094}.Debug|Any CPU.Deploy.0 = Debug|Any CPU
		{45A2CB08-F9C7-4CB4-86C2-FE6E4F57B094}.Release|Any CPU.ActiveCfg = Release|Any CPU
		{45A2CB08-F9C7-4CB4-86C2-FE6E4F57B094}.Release|Any CPU.Build.0 = Release|Any CPU
		{45A2CB08-F9C7-4CB4-86C2-FE6E4F57B094}.Release|Any CPU.Deploy.0 = Release|Any CPU
	EndGlobalSection
	GlobalSection(SolutionProperties) = preSolution
		HideSolutionNode = FALSE
	EndGlobalSection
	GlobalSection(ExtensibilityGlobals) = postSolution
		SolutionGuid = {8AD4D195-26CB-4C68-B73E-552F80A59F9A}
	EndGlobalSection
EndGlobal
